// !$*UTF8*$!
{
	archiveVersion = 1;
	classes = {
	};
	objectVersion = 55;
	objects = {

/* Begin PBXBuildFile section */
		48AA06999F20DCE15E511916 /* Pods_UIKitPreviews.framework in Frameworks */ = {isa = PBXBuildFile; fileRef = 1624164356DB1C40F6778039 /* Pods_UIKitPreviews.framework */; };
		DFCEDDFC27921F9E0054DFCE /* AppDelegate.swift in Sources */ = {isa = PBXBuildFile; fileRef = DFCEDDFB27921F9E0054DFCE /* AppDelegate.swift */; };
		DFCEDDFE27921F9E0054DFCE /* SceneDelegate.swift in Sources */ = {isa = PBXBuildFile; fileRef = DFCEDDFD27921F9E0054DFCE /* SceneDelegate.swift */; };
		DFCEDE0027921F9E0054DFCE /* ViewController.swift in Sources */ = {isa = PBXBuildFile; fileRef = DFCEDDFF27921F9E0054DFCE /* ViewController.swift */; };
		DFCEDE0327921F9E0054DFCE /* Main.storyboard in Resources */ = {isa = PBXBuildFile; fileRef = DFCEDE0127921F9E0054DFCE /* Main.storyboard */; };
		DFCEDE0527921F9F0054DFCE /* Assets.xcassets in Resources */ = {isa = PBXBuildFile; fileRef = DFCEDE0427921F9F0054DFCE /* Assets.xcassets */; };
		DFCEDE0827921F9F0054DFCE /* LaunchScreen.storyboard in Resources */ = {isa = PBXBuildFile; fileRef = DFCEDE0627921F9F0054DFCE /* LaunchScreen.storyboard */; };
		DFCEDE102795BBF10054DFCE /* UIViewController+UIViewControllerRepresentable.swift in Sources */ = {isa = PBXBuildFile; fileRef = DFCEDE0F2795BBF10054DFCE /* UIViewController+UIViewControllerRepresentable.swift */; };
		DFCEDE122795E3360054DFCE /* Podfile in Resources */ = {isa = PBXBuildFile; fileRef = DFCEDE112795E3360054DFCE /* Podfile */; };
		DFCEDE14279609DB0054DFCE /* Modal_ViewController.swift in Sources */ = {isa = PBXBuildFile; fileRef = DFCEDE13279609DB0054DFCE /* Modal_ViewController.swift */; };
		DFCEDE16279711F70054DFCE /* PanGestureViewController.swift in Sources */ = {isa = PBXBuildFile; fileRef = DFCEDE15279711F70054DFCE /* PanGestureViewController.swift */; };
/* End PBXBuildFile section */

/* Begin PBXFileReference section */
		1624164356DB1C40F6778039 /* Pods_UIKitPreviews.framework */ = {isa = PBXFileReference; explicitFileType = wrapper.framework; includeInIndex = 0; path = Pods_UIKitPreviews.framework; sourceTree = BUILT_PRODUCTS_DIR; };
		1CC5F6DC5FDCB25023D347F4 /* Pods-UIKitPreviews.release.xcconfig */ = {isa = PBXFileReference; includeInIndex = 1; lastKnownFileType = text.xcconfig; name = "Pods-UIKitPreviews.release.xcconfig"; path = "Target Support Files/Pods-UIKitPreviews/Pods-UIKitPreviews.release.xcconfig"; sourceTree = "<group>"; };
		53D5B951CDC0230968C1CD03 /* Pods-UIKitPreviews.debug.xcconfig */ = {isa = PBXFileReference; includeInIndex = 1; lastKnownFileType = text.xcconfig; name = "Pods-UIKitPreviews.debug.xcconfig"; path = "Target Support Files/Pods-UIKitPreviews/Pods-UIKitPreviews.debug.xcconfig"; sourceTree = "<group>"; };
		DFCEDDF827921F9E0054DFCE /* UIKitPreviews.app */ = {isa = PBXFileReference; explicitFileType = wrapper.application; includeInIndex = 0; path = UIKitPreviews.app; sourceTree = BUILT_PRODUCTS_DIR; };
		DFCEDDFB27921F9E0054DFCE /* AppDelegate.swift */ = {isa = PBXFileReference; lastKnownFileType = sourcecode.swift; path = AppDelegate.swift; sourceTree = "<group>"; };
		DFCEDDFD27921F9E0054DFCE /* SceneDelegate.swift */ = {isa = PBXFileReference; lastKnownFileType = sourcecode.swift; path = SceneDelegate.swift; sourceTree = "<group>"; };
		DFCEDDFF27921F9E0054DFCE /* ViewController.swift */ = {isa = PBXFileReference; lastKnownFileType = sourcecode.swift; path = ViewController.swift; sourceTree = "<group>"; };
		DFCEDE0227921F9E0054DFCE /* Base */ = {isa = PBXFileReference; lastKnownFileType = file.storyboard; name = Base; path = Base.lproj/Main.storyboard; sourceTree = "<group>"; };
		DFCEDE0427921F9F0054DFCE /* Assets.xcassets */ = {isa = PBXFileReference; lastKnownFileType = folder.assetcatalog; path = Assets.xcassets; sourceTree = "<group>"; };
		DFCEDE0727921F9F0054DFCE /* Base */ = {isa = PBXFileReference; lastKnownFileType = file.storyboard; name = Base; path = Base.lproj/LaunchScreen.storyboard; sourceTree = "<group>"; };
		DFCEDE0927921F9F0054DFCE /* Info.plist */ = {isa = PBXFileReference; lastKnownFileType = text.plist.xml; path = Info.plist; sourceTree = "<group>"; };
		DFCEDE0F2795BBF10054DFCE /* UIViewController+UIViewControllerRepresentable.swift */ = {isa = PBXFileReference; lastKnownFileType = sourcecode.swift; path = "UIViewController+UIViewControllerRepresentable.swift"; sourceTree = "<group>"; };
		DFCEDE112795E3360054DFCE /* Podfile */ = {isa = PBXFileReference; lastKnownFileType = text; path = Podfile; sourceTree = "<group>"; xcLanguageSpecificationIdentifier = xcode.lang.ruby; };
		DFCEDE13279609DB0054DFCE /* Modal_ViewController.swift */ = {isa = PBXFileReference; lastKnownFileType = sourcecode.swift; path = Modal_ViewController.swift; sourceTree = "<group>"; };
		DFCEDE15279711F70054DFCE /* PanGestureViewController.swift */ = {isa = PBXFileReference; lastKnownFileType = sourcecode.swift; path = PanGestureViewController.swift; sourceTree = "<group>"; };
/* End PBXFileReference section */

/* Begin PBXFrameworksBuildPhase section */
		DFCEDDF527921F9E0054DFCE /* Frameworks */ = {
			isa = PBXFrameworksBuildPhase;
			buildActionMask = 2147483647;
			files = (
				48AA06999F20DCE15E511916 /* Pods_UIKitPreviews.framework in Frameworks */,
			);
			runOnlyForDeploymentPostprocessing = 0;
		};
/* End PBXFrameworksBuildPhase section */

/* Begin PBXGroup section */
		69EA69B8B26633A38839BEC4 /* Frameworks */ = {
			isa = PBXGroup;
			children = (
				1624164356DB1C40F6778039 /* Pods_UIKitPreviews.framework */,
			);
			name = Frameworks;
			sourceTree = "<group>";
		};
		81C47B8AE9D620D553B4A6D7 /* Pods */ = {
			isa = PBXGroup;
			children = (
				53D5B951CDC0230968C1CD03 /* Pods-UIKitPreviews.debug.xcconfig */,
				1CC5F6DC5FDCB25023D347F4 /* Pods-UIKitPreviews.release.xcconfig */,
			);
			path = Pods;
			sourceTree = "<group>";
		};
		DFCEDDEF27921F9E0054DFCE = {
			isa = PBXGroup;
			children = (
				DFCEDE112795E3360054DFCE /* Podfile */,
				DFCEDDFA27921F9E0054DFCE /* UIKitPreviews */,
				DFCEDDF927921F9E0054DFCE /* Products */,
				81C47B8AE9D620D553B4A6D7 /* Pods */,
				69EA69B8B26633A38839BEC4 /* Frameworks */,
			);
			sourceTree = "<group>";
		};
		DFCEDDF927921F9E0054DFCE /* Products */ = {
			isa = PBXGroup;
			children = (
				DFCEDDF827921F9E0054DFCE /* UIKitPreviews.app */,
			);
			name = Products;
			sourceTree = "<group>";
		};
		DFCEDDFA27921F9E0054DFCE /* UIKitPreviews */ = {
			isa = PBXGroup;
			children = (
				DFCEDDFB27921F9E0054DFCE /* AppDelegate.swift */,
				DFCEDDFD27921F9E0054DFCE /* SceneDelegate.swift */,
				DFCEDDFF27921F9E0054DFCE /* ViewController.swift */,
				DFCEDE13279609DB0054DFCE /* Modal_ViewController.swift */,
				DFCEDE15279711F70054DFCE /* PanGestureViewController.swift */,
				DFCEDE0F2795BBF10054DFCE /* UIViewController+UIViewControllerRepresentable.swift */,
				DFCEDE0127921F9E0054DFCE /* Main.storyboard */,
				DFCEDE0427921F9F0054DFCE /* Assets.xcassets */,
				DFCEDE0627921F9F0054DFCE /* LaunchScreen.storyboard */,
				DFCEDE0927921F9F0054DFCE /* Info.plist */,
			);
			path = UIKitPreviews;
			sourceTree = "<group>";
		};
/* End PBXGroup section */

/* Begin PBXNativeTarget section */
		DFCEDDF727921F9E0054DFCE /* UIKitPreviews */ = {
			isa = PBXNativeTarget;
			buildConfigurationList = DFCEDE0C27921F9F0054DFCE /* Build configuration list for PBXNativeTarget "UIKitPreviews" */;
			buildPhases = (
				EACE4A865590C554D96392C4 /* [CP] Check Pods Manifest.lock */,
				DFCEDDF427921F9E0054DFCE /* Sources */,
				DFCEDDF527921F9E0054DFCE /* Frameworks */,
				DFCEDDF627921F9E0054DFCE /* Resources */,
				7EBF08E2846FE045FF5B1E44 /* [CP] Embed Pods Frameworks */,
			);
			buildRules = (
			);
			dependencies = (
			);
			name = UIKitPreviews;
			productName = UIKitPreviews;
			productReference = DFCEDDF827921F9E0054DFCE /* UIKitPreviews.app */;
			productType = "com.apple.product-type.application";
		};
/* End PBXNativeTarget section */

/* Begin PBXProject section */
		DFCEDDF027921F9E0054DFCE /* Project object */ = {
			isa = PBXProject;
			attributes = {
				BuildIndependentTargetsInParallel = 1;
				LastSwiftUpdateCheck = 1320;
				LastUpgradeCheck = 1320;
				TargetAttributes = {
					DFCEDDF727921F9E0054DFCE = {
						CreatedOnToolsVersion = 13.2;
					};
				};
			};
			buildConfigurationList = DFCEDDF327921F9E0054DFCE /* Build configuration list for PBXProject "UIKitPreviews" */;
			compatibilityVersion = "Xcode 13.0";
			developmentRegion = en;
			hasScannedForEncodings = 0;
			knownRegions = (
				en,
				Base,
			);
			mainGroup = DFCEDDEF27921F9E0054DFCE;
			productRefGroup = DFCEDDF927921F9E0054DFCE /* Products */;
			projectDirPath = "";
			projectRoot = "";
			targets = (
				DFCEDDF727921F9E0054DFCE /* UIKitPreviews */,
			);
		};
/* End PBXProject section */

/* Begin PBXResourcesBuildPhase section */
		DFCEDDF627921F9E0054DFCE /* Resources */ = {
			isa = PBXResourcesBuildPhase;
			buildActionMask = 2147483647;
			files = (
				DFCEDE0827921F9F0054DFCE /* LaunchScreen.storyboard in Resources */,
				DFCEDE0527921F9F0054DFCE /* Assets.xcassets in Resources */,
				DFCEDE122795E3360054DFCE /* Podfile in Resources */,
				DFCEDE0327921F9E0054DFCE /* Main.storyboard in Resources */,
			);
			runOnlyForDeploymentPostprocessing = 0;
		};
/* End PBXResourcesBuildPhase section */

/* Begin PBXShellScriptBuildPhase section */
		7EBF08E2846FE045FF5B1E44 /* [CP] Embed Pods Frameworks */ = {
			isa = PBXShellScriptBuildPhase;
			buildActionMask = 2147483647;
			files = (
			);
			inputFileListPaths = (
				"${PODS_ROOT}/Target Support Files/Pods-UIKitPreviews/Pods-UIKitPreviews-frameworks-${CONFIGURATION}-input-files.xcfilelist",
			);
			name = "[CP] Embed Pods Frameworks";
			outputFileListPaths = (
				"${PODS_ROOT}/Target Support Files/Pods-UIKitPreviews/Pods-UIKitPreviews-frameworks-${CONFIGURATION}-output-files.xcfilelist",
			);
			runOnlyForDeploymentPostprocessing = 0;
			shellPath = /bin/sh;
			shellScript = "\"${PODS_ROOT}/Target Support Files/Pods-UIKitPreviews/Pods-UIKitPreviews-frameworks.sh\"\n";
			showEnvVarsInLog = 0;
		};
		EACE4A865590C554D96392C4 /* [CP] Check Pods Manifest.lock */ = {
			isa = PBXShellScriptBuildPhase;
			buildActionMask = 2147483647;
			files = (
			);
			inputFileListPaths = (
			);
			inputPaths = (
				"${PODS_PODFILE_DIR_PATH}/Podfile.lock",
				"${PODS_ROOT}/Manifest.lock",
			);
			name = "[CP] Check Pods Manifest.lock";
			outputFileListPaths = (
			);
			outputPaths = (
				"$(DERIVED_FILE_DIR)/Pods-UIKitPreviews-checkManifestLockResult.txt",
			);
			runOnlyForDeploymentPostprocessing = 0;
			shellPath = /bin/sh;
			shellScript = "diff \"${PODS_PODFILE_DIR_PATH}/Podfile.lock\" \"${PODS_ROOT}/Manifest.lock\" > /dev/null\nif [ $? != 0 ] ; then\n    # print error to STDERR\n    echo \"error: The sandbox is not in sync with the Podfile.lock. Run 'pod install' or update your CocoaPods installation.\" >&2\n    exit 1\nfi\n# This output is used by Xcode 'outputs' to avoid re-running this script phase.\necho \"SUCCESS\" > \"${SCRIPT_OUTPUT_FILE_0}\"\n";
			showEnvVarsInLog = 0;
		};
/* End PBXShellScriptBuildPhase section */

/* Begin PBXSourcesBuildPhase section */
		DFCEDDF427921F9E0054DFCE /* Sources */ = {
			isa = PBXSourcesBuildPhase;
			buildActionMask = 2147483647;
			files = (
				DFCEDE102795BBF10054DFCE /* UIViewController+UIViewControllerRepresentable.swift in Sources */,
				DFCEDE0027921F9E0054DFCE /* ViewController.swift in Sources */,
				DFCEDE14279609DB0054DFCE /* Modal_ViewController.swift in Sources */,
				DFCEDDFC27921F9E0054DFCE /* AppDelegate.swift in Sources */,
				DFCEDE16279711F70054DFCE /* PanGestureViewController.swift in Sources */,
				DFCEDDFE27921F9E0054DFCE /* SceneDelegate.swift in Sources */,
			);
			runOnlyForDeploymentPostprocessing = 0;
		};
/* End PBXSourcesBuildPhase section */

/* Begin PBXVariantGroup section */
		DFCEDE0127921F9E0054DFCE /* Main.storyboard */ = {
			isa = PBXVariantGroup;
			children = (
				DFCEDE0227921F9E0054DFCE /* Base */,
			);
			name = Main.storyboard;
			sourceTree = "<group>";
		};
		DFCEDE0627921F9F0054DFCE /* LaunchScreen.storyboard */ = {
			isa = PBXVariantGroup;
			children = (
				DFCEDE0727921F9F0054DFCE /* Base */,
			);
			name = LaunchScreen.storyboard;
			sourceTree = "<group>";
		};
/* End PBXVariantGroup section */

/* Begin XCBuildConfiguration section */
		DFCEDE0A27921F9F0054DFCE /* Debug */ = {
			isa = XCBuildConfiguration;
			buildSettings = {
				ALWAYS_SEARCH_USER_PATHS = NO;
				CLANG_ANALYZER_NONNULL = YES;
				CLANG_ANALYZER_NUMBER_OBJECT_CONVERSION = YES_AGGRESSIVE;
				CLANG_CXX_LANGUAGE_STANDARD = "gnu++17";
				CLANG_CXX_LIBRARY = "libc++";
				CLANG_ENABLE_MODULES = YES;
				CLANG_ENABLE_OBJC_ARC = YES;
				CLANG_ENABLE_OBJC_WEAK = YES;
				CLANG_WARN_BLOCK_CAPTURE_AUTORELEASING = YES;
				CLANG_WARN_BOOL_CONVERSION = YES;
				CLANG_WARN_COMMA = YES;
				CLANG_WARN_CONSTANT_CONVERSION = YES;
				CLANG_WARN_DEPRECATED_OBJC_IMPLEMENTATIONS = YES;
				CLANG_WARN_DIRECT_OBJC_ISA_USAGE = YES_ERROR;
				CLANG_WARN_DOCUMENTATION_COMMENTS = YES;
				CLANG_WARN_EMPTY_BODY = YES;
				CLANG_WARN_ENUM_CONVERSION = YES;
				CLANG_WARN_INFINITE_RECURSION = YES;
				CLANG_WARN_INT_CONVERSION = YES;
				CLANG_WARN_NON_LITERAL_NULL_CONVERSION = YES;
				CLANG_WARN_OBJC_IMPLICIT_RETAIN_SELF = YES;
				CLANG_WARN_OBJC_LITERAL_CONVERSION = YES;
				CLANG_WARN_OBJC_ROOT_CLASS = YES_ERROR;
				CLANG_WARN_QUOTED_INCLUDE_IN_FRAMEWORK_HEADER = YES;
				CLANG_WARN_RANGE_LOOP_ANALYSIS = YES;
				CLANG_WARN_STRICT_PROTOTYPES = YES;
				CLANG_WARN_SUSPICIOUS_MOVE = YES;
				CLANG_WARN_UNGUARDED_AVAILABILITY = YES_AGGRESSIVE;
				CLANG_WARN_UNREACHABLE_CODE = YES;
				CLANG_WARN__DUPLICATE_METHOD_MATCH = YES;
				COPY_PHASE_STRIP = NO;
				DEBUG_INFORMATION_FORMAT = dwarf;
				ENABLE_STRICT_OBJC_MSGSEND = YES;
				ENABLE_TESTABILITY = YES;
				GCC_C_LANGUAGE_STANDARD = gnu11;
				GCC_DYNAMIC_NO_PIC = NO;
				GCC_NO_COMMON_BLOCKS = YES;
				GCC_OPTIMIZATION_LEVEL = 0;
				GCC_PREPROCESSOR_DEFINITIONS = (
					"DEBUG=1",
					"$(inherited)",
				);
				GCC_WARN_64_TO_32_BIT_CONVERSION = YES;
				GCC_WARN_ABOUT_RETURN_TYPE = YES_ERROR;
				GCC_WARN_UNDECLARED_SELECTOR = YES;
				GCC_WARN_UNINITIALIZED_AUTOS = YES_AGGRESSIVE;
				GCC_WARN_UNUSED_FUNCTION = YES;
				GCC_WARN_UNUSED_VARIABLE = YES;
				IPHONEOS_DEPLOYMENT_TARGET = 13.0;
				MTL_ENABLE_DEBUG_INFO = INCLUDE_SOURCE;
				MTL_FAST_MATH = YES;
				ONLY_ACTIVE_ARCH = YES;
				SDKROOT = iphoneos;
				SWIFT_ACTIVE_COMPILATION_CONDITIONS = DEBUG;
				SWIFT_OPTIMIZATION_LEVEL = "-Onone";
			};
			name = Debug;
		};
		DFCEDE0B27921F9F0054DFCE /* Release */ = {
			isa = XCBuildConfiguration;
			buildSettings = {
				ALWAYS_SEARCH_USER_PATHS = NO;
				CLANG_ANALYZER_NONNULL = YES;
				CLANG_ANALYZER_NUMBER_OBJECT_CONVERSION = YES_AGGRESSIVE;
				CLANG_CXX_LANGUAGE_STANDARD = "gnu++17";
				CLANG_CXX_LIBRARY = "libc++";
				CLANG_ENABLE_MODULES = YES;
				CLANG_ENABLE_OBJC_ARC = YES;
				CLANG_ENABLE_OBJC_WEAK = YES;
				CLANG_WARN_BLOCK_CAPTURE_AUTORELEASING = YES;
				CLANG_WARN_BOOL_CONVERSION = YES;
				CLANG_WARN_COMMA = YES;
				CLANG_WARN_CONSTANT_CONVERSION = YES;
				CLANG_WARN_DEPRECATED_OBJC_IMPLEMENTATIONS = YES;
				CLANG_WARN_DIRECT_OBJC_ISA_USAGE = YES_ERROR;
				CLANG_WARN_DOCUMENTATION_COMMENTS = YES;
				CLANG_WARN_EMPTY_BODY = YES;
				CLANG_WARN_ENUM_CONVERSION = YES;
				CLANG_WARN_INFINITE_RECURSION = YES;
				CLANG_WARN_INT_CONVERSION = YES;
				CLANG_WARN_NON_LITERAL_NULL_CONVERSION = YES;
				CLANG_WARN_OBJC_IMPLICIT_RETAIN_SELF = YES;
				CLANG_WARN_OBJC_LITERAL_CONVERSION = YES;
				CLANG_WARN_OBJC_ROOT_CLASS = YES_ERROR;
				CLANG_WARN_QUOTED_INCLUDE_IN_FRAMEWORK_HEADER = YES;
				CLANG_WARN_RANGE_LOOP_ANALYSIS = YES;
				CLANG_WARN_STRICT_PROTOTYPES = YES;
				CLANG_WARN_SUSPICIOUS_MOVE = YES;
				CLANG_WARN_UNGUARDED_AVAILABILITY = YES_AGGRESSIVE;
				CLANG_WARN_UNREACHABLE_CODE = YES;
				CLANG_WARN__DUPLICATE_METHOD_MATCH = YES;
				COPY_PHASE_STRIP = NO;
				DEBUG_INFORMATION_FORMAT = "dwarf-with-dsym";
				ENABLE_NS_ASSERTIONS = NO;
				ENABLE_STRICT_OBJC_MSGSEND = YES;
				GCC_C_LANGUAGE_STANDARD = gnu11;
				GCC_NO_COMMON_BLOCKS = YES;
				GCC_WARN_64_TO_32_BIT_CONVERSION = YES;
				GCC_WARN_ABOUT_RETURN_TYPE = YES_ERROR;
				GCC_WARN_UNDECLARED_SELECTOR = YES;
				GCC_WARN_UNINITIALIZED_AUTOS = YES_AGGRESSIVE;
				GCC_WARN_UNUSED_FUNCTION = YES;
				GCC_WARN_UNUSED_VARIABLE = YES;
				IPHONEOS_DEPLOYMENT_TARGET = 11.4;
				MTL_ENABLE_DEBUG_INFO = NO;
				MTL_FAST_MATH = YES;
				SDKROOT = iphoneos;
				SWIFT_COMPILATION_MODE = wholemodule;
				SWIFT_OPTIMIZATION_LEVEL = "-O";
				VALIDATE_PRODUCT = YES;
			};
			name = Release;
		};
		DFCEDE0D27921F9F0054DFCE /* Debug */ = {
			isa = XCBuildConfiguration;
			baseConfigurationReference = 53D5B951CDC0230968C1CD03 /* Pods-UIKitPreviews.debug.xcconfig */;
			buildSettings = {
				ASSETCATALOG_COMPILER_APPICON_NAME = AppIcon;
				ASSETCATALOG_COMPILER_GLOBAL_ACCENT_COLOR_NAME = AccentColor;
				CODE_SIGN_STYLE = Automatic;
				CURRENT_PROJECT_VERSION = 1;
				DEVELOPMENT_TEAM = 825945W2T7;
				GENERATE_INFOPLIST_FILE = YES;
				INFOPLIST_FILE = UIKitPreviews/Info.plist;
				INFOPLIST_KEY_UIApplicationSupportsIndirectInputEvents = YES;
				INFOPLIST_KEY_UILaunchStoryboardName = LaunchScreen;
				INFOPLIST_KEY_UIMainStoryboardFile = Main;
				INFOPLIST_KEY_UISupportedInterfaceOrientations_iPad = "UIInterfaceOrientationPortrait UIInterfaceOrientationPortraitUpsideDown UIInterfaceOrientationLandscapeLeft UIInterfaceOrientationLandscapeRight";
				INFOPLIST_KEY_UISupportedInterfaceOrientations_iPhone = "UIInterfaceOrientationPortrait UIInterfaceOrientationLandscapeLeft UIInterfaceOrientationLandscapeRight";
				IPHONEOS_DEPLOYMENT_TARGET = 13.0;
				LD_RUNPATH_SEARCH_PATHS = (
					"$(inherited)",
					"@executable_path/Frameworks",
				);
				MARKETING_VERSION = 1.0;
				PRODUCT_BUNDLE_IDENTIFIER = com.dpq.UIKitPreviews;
				PRODUCT_NAME = "$(TARGET_NAME)";
				SWIFT_EMIT_LOC_STRINGS = YES;
				SWIFT_VERSION = 5.0;
				TARGETED_DEVICE_FAMILY = "1,2";
			};
			name = Debug;
		};
		DFCEDE0E27921F9F0054DFCE /* Release */ = {
			isa = XCBuildConfiguration;
			baseConfigurationReference = 1CC5F6DC5FDCB25023D347F4 /* Pods-UIKitPreviews.release.xcconfig */;
			buildSettings = {
				ASSETCATALOG_COMPILER_APPICON_NAME = AppIcon;
				ASSETCATALOG_COMPILER_GLOBAL_ACCENT_COLOR_NAME = AccentColor;
				CODE_SIGN_STYLE = Automatic;
				CURRENT_PROJECT_VERSION = 1;
				DEVELOPMENT_TEAM = 825945W2T7;
				GENERATE_INFOPLIST_FILE = YES;
				INFOPLIST_FILE = UIKitPreviews/Info.plist;
				INFOPLIST_KEY_UIApplicationSupportsIndirectInputEvents = YES;
				INFOPLIST_KEY_UILaunchStoryboardName = LaunchScreen;
				INFOPLIST_KEY_UIMainStoryboardFile = Main;
				INFOPLIST_KEY_UISupportedInterfaceOrientations_iPad = "UIInterfaceOrientationPortrait UIInterfaceOrientationPortraitUpsideDown UIInterfaceOrientationLandscapeLeft UIInterfaceOrientationLandscapeRight";
				INFOPLIST_KEY_UISupportedInterfaceOrientations_iPhone = "UIInterfaceOrientationPortrait UIInterfaceOrientationLandscapeLeft UIInterfaceOrientationLandscapeRight";
				IPHONEOS_DEPLOYMENT_TARGET = 13.0;
				LD_RUNPATH_SEARCH_PATHS = (
					"$(inherited)",
					"@executable_path/Frameworks",
				);
				MARKETING_VERSION = 1.0;
				PRODUCT_BUNDLE_IDENTIFIER = com.dpq.UIKitPreviews;
				PRODUCT_NAME = "$(TARGET_NAME)";
				SWIFT_EMIT_LOC_STRINGS = YES;
				SWIFT_VERSION = 5.0;
				TARGETED_DEVICE_FAMILY = "1,2";
			};
			name = Release;
		};
/* End XCBuildConfiguration section */

/* Begin XCConfigurationList section */
		DFCEDDF327921F9E0054DFCE /* Build configuration list for PBXProject "UIKitPreviews" */ = {
			isa = XCConfigurationList;
			buildConfigurations = (
				DFCEDE0A27921F9F0054DFCE /* Debug */,
				DFCEDE0B27921F9F0054DFCE /* Release */,
			);
			defaultConfigurationIsVisible = 0;
			defaultConfigurationName = Release;
		};
		DFCEDE0C27921F9F0054DFCE /* Build configuration list for PBXNativeTarget "UIKitPreviews" */ = {
			isa = XCConfigurationList;
			buildConfigurations = (
				DFCEDE0D27921F9F0054DFCE /* Debug */,
				DFCEDE0E27921F9F0054DFCE /* Release */,
			);
			defaultConfigurationIsVisible = 0;
			defaultConfigurationName = Release;
		};
/* End XCConfigurationList section */
	};
	rootObject = DFCEDDF027921F9E0054DFCE /* Project object */;
}
